# MSYS2 runtime lock -- generated by msys2_fetch.py --update-lock
# source: https://repo.msys2.org/mingw/ucrt64
# <filename> <sha256> <package>
mingw-w64-ucrt-x86_64-adwaita-icon-theme-51.0-1-any.pkg.tar.zst 27323f39c04761d94b882ad012dd4a78eccc0efe4e0d8d5a28786a5eec6bdc4c mingw-w64-ucrt-x86_64-adwaita-icon-theme
mingw-w64-ucrt-x86_64-adwaita-icon-theme-legacy-46.2-1-any.pkg.tar.zst f365c5724a7829e5cc52f131cd664f0391f996cf456bc7da6196e4cc5ce82903 mingw-w64-ucrt-x86_64-adwaita-icon-theme-legacy
mingw-w64-ucrt-x86_64-brotli-1.2.0-1-any.pkg.tar.zst 9cc89665496ea504751476eafba15c71c554aaf3004babc2004f7c07ffd60514 mingw-w64-ucrt-x86_64-brotli
mingw-w64-ucrt-x86_64-bzip2-1.0.8-4-any.pkg.tar.zst f03a2174034ddd2d96cecd34f617c5f8e2ef86c812b8d2bb3b8875257f2c8bfa mingw-w64-ucrt-x86_64-bzip2
mingw-w64-ucrt-x86_64-cairo-1.18.6-2-any.pkg.tar.zst 021c0a4d1df463d08d0cac170818a7cbaccaa5b09ac6edc7948e461cb5a46e85 mingw-w64-ucrt-x86_64-cairo
mingw-w64-ucrt-x86_64-cc-libs-16.2.0-4-any.pkg.tar.zst b05218ea8b8f2142d2042cd01843810f4cf9345af6e5e7fe39395590cd55b2dc mingw-w64-ucrt-x86_64-cc-libs
mingw-w64-ucrt-x86_64-directx-headers-1~1.619.5-1-any.pkg.tar.zst e3524c39e8b0ead83f336e67b7b1b520fdcb801c6eb9c6134cbdbd196d67deb8 mingw-w64-ucrt-x86_64-directx-headers
mingw-w64-ucrt-x86_64-directxmath-3.20.b-1-any.pkg.tar.zst c01486e96a024a7366d3ceadf5b8b8263d50c7d7a02343abdd43c47200cd223e mingw-w64-ucrt-x86_64-directxmath
mingw-w64-ucrt-x86_64-egl-headers-1.5.r284.3ae2b7c-1-any.pkg.tar.zst 29743159048cf216f75d0dc3eb3e0a04a07515db17d839803e54b060f5aeb0b3 mingw-w64-ucrt-x86_64-egl-headers
mingw-w64-ucrt-x86_64-expat-2.9.0-1-any.pkg.tar.zst f52364dc874009316e1ee1fe46ee89784594b80d10cbcc1cc856945d575308e0 mingw-w64-ucrt-x86_64-expat
mingw-w64-ucrt-x86_64-fontconfig-2.18.3-1-any.pkg.tar.zst d0b364f3ee37e3b6f6c136688ce8fa909bb6d8a69df7e08de1aa40870d9e1d60 mingw-w64-ucrt-x86_64-fontconfig
mingw-w64-ucrt-x86_64-freetype-2.14.3-1-any.pkg.tar.zst f502bdf9ed07aa95e223e1aba17ce8cb2d975aab5066eec17a2d7dc4fb8a1c20 mingw-w64-ucrt-x86_64-freetype
mingw-w64-ucrt-x86_64-fribidi-1.0.17-1-any.pkg.tar.zst 3581ee03cf83a9bb0e98bf688c4f532a29553500e317532d90746de295b0f8a8 mingw-w64-ucrt-x86_64-fribidi
mingw-w64-ucrt-x86_64-gdk-pixbuf2-2.44.8-1-any.pkg.tar.zst aacfe4bdf635b1ad5bd50ffe9b106f9256e5aee567aec37d4fabe142a0353419 mingw-w64-ucrt-x86_64-gdk-pixbuf2
mingw-w64-ucrt-x86_64-gettext-runtime-1.0-1-any.pkg.tar.zst ba693dda4ac375af76ce481ff3a6e7481286546cc7dc6d56c7021dae34084157 mingw-w64-ucrt-x86_64-gettext-runtime
mingw-w64-ucrt-x86_64-giflib-6.1.3-1-any.pkg.tar.zst 9e7ac8feb0e2af6e0fce3c8ead1bd7bcaf018661d08033858c1e2657a04f6f1a mingw-w64-ucrt-x86_64-giflib
mingw-w64-ucrt-x86_64-gles-headers-3.2.r1065.7fc154c-1-any.pkg.tar.zst 066007a50bd08f062b5494f2c4811a219e1a65f4ecdce2beb453f6d9d8b92098 mingw-w64-ucrt-x86_64-gles-headers
mingw-w64-ucrt-x86_64-glib2-2.90.1-1-any.pkg.tar.zst 9a7826349279bcca0c935b01880d812be9de9609aef2205be68fd7a6128c1695 mingw-w64-ucrt-x86_64-glib2
mingw-w64-ucrt-x86_64-gmp-6.3.0-2-any.pkg.tar.zst e82a75968a556484a50084578238a84eb60fb93e34986fd6695c537975bd39ea mingw-w64-ucrt-x86_64-gmp
mingw-w64-ucrt-x86_64-gnutls-3.8.13-3-any.pkg.tar.zst 303da3babd11f545fcac647439298e8559951ce6a1086666faf8ad2a1f708be6 mingw-w64-ucrt-x86_64-gnutls
mingw-w64-ucrt-x86_64-gobject-introspection-runtime-1.86.0-4-any.pkg.tar.zst d33a35499bf5be2e9b28afcc368232e3c5d11bdb07d8832e6814e448c05da476 mingw-w64-ucrt-x86_64-gobject-introspection-runtime
mingw-w64-ucrt-x86_64-graphene-1.10.8-3-any.pkg.tar.zst 4ae49208acf49de84f2abbe9555c2d22f51ab52c1509f5ac8bb5ce7fcaf07d57 mingw-w64-ucrt-x86_64-graphene
mingw-w64-ucrt-x86_64-graphite2-1.3.15-1-any.pkg.tar.zst 34ca1f88bff10ef182a6b1c8e5622d5029f13b05748e361af13b552b422ea849 mingw-w64-ucrt-x86_64-graphite2
mingw-w64-ucrt-x86_64-gst-plugins-bad-libs-1.28.7-1-any.pkg.tar.zst 69abf30349a49026a83d81b5b9587611468c82f8fb99f42a5dd7bbfecdf08d9a mingw-w64-ucrt-x86_64-gst-plugins-bad-libs
mingw-w64-ucrt-x86_64-gst-plugins-base-1.28.7-1-any.pkg.tar.zst b4de8693a9b51517a3153217d5ec633778a237b73ca2756bb636b8d02ddfbaea mingw-w64-ucrt-x86_64-gst-plugins-base
mingw-w64-ucrt-x86_64-gstreamer-1.28.7-1-any.pkg.tar.zst 7a6763cfe9923e7de9a06e4bdd73cdf284a5fe4df6231d371ee2a10ce0cc0f3a mingw-w64-ucrt-x86_64-gstreamer
mingw-w64-ucrt-x86_64-gtk-update-icon-cache-3.24.52-1-any.pkg.tar.zst eedfe01d226496699b95b065b3ec2a4fb3c51979b2fd649541a560d1f949ae18 mingw-w64-ucrt-x86_64-gtk-update-icon-cache
mingw-w64-ucrt-x86_64-gtk4-4.24.1-1-any.pkg.tar.zst 03e6fd251437d50ea8c53b90e2ece1879064fdc30d0c7675da64f1d0ce3bcde8 mingw-w64-ucrt-x86_64-gtk4
mingw-w64-ucrt-x86_64-harfbuzz-14.6.0-1-any.pkg.tar.zst 8781d486c864bf91f482768cc5bd7267e49331636583d9f855af3974e6378e69 mingw-w64-ucrt-x86_64-harfbuzz
mingw-w64-ucrt-x86_64-hicolor-icon-theme-0.18-1-any.pkg.tar.zst 1ef00d7c034935a479f951a36a7b0e17cfdc482765e860924061b98e6948340c mingw-w64-ucrt-x86_64-hicolor-icon-theme
mingw-w64-ucrt-x86_64-iso-codes-4.20.1-1-any.pkg.tar.zst 4e510fda4d64bcadf7d79d76f02f7080e016bf37759b0a5fe5b2e65553e49785 mingw-w64-ucrt-x86_64-iso-codes
mingw-w64-ucrt-x86_64-jbigkit-2.1-6-any.pkg.tar.zst 9e237d1041350e7436294cfa13d4bd3d1606d1f2a32ade2eb2958b4d4e79b7ad mingw-w64-ucrt-x86_64-jbigkit
mingw-w64-ucrt-x86_64-json-glib-1.10.8-2-any.pkg.tar.zst 3b07443be79b7be8062f085d4453161fc71441700494a393807f76c0abda2fc6 mingw-w64-ucrt-x86_64-json-glib
mingw-w64-ucrt-x86_64-lerc-4.1.1-1-any.pkg.tar.zst c0afbf4832488d67030c6f313349cd814946c9a7bc3ae9fd54524825c9ca055d mingw-w64-ucrt-x86_64-lerc
mingw-w64-ucrt-x86_64-libadwaita-1.10.0-2-any.pkg.tar.zst 1e14c2dfa753680d0b3c35fd2f8db147f06144a748d44bf5ac6e77da7efc9ebd mingw-w64-ucrt-x86_64-libadwaita
mingw-w64-ucrt-x86_64-libatomic-16.2.0-4-any.pkg.tar.zst 81d960422f47c9cff742aa5a6dd6c587ba39e5da64738d903730e79577479582 mingw-w64-ucrt-x86_64-libatomic
mingw-w64-ucrt-x86_64-libb2-0.98.1-3-any.pkg.tar.zst dfb554635119d3c46adb00c9d0c589bb38d1cb0781b10ecf31de07ce388bd0c0 mingw-w64-ucrt-x86_64-libb2
mingw-w64-ucrt-x86_64-libdatrie-0.2.14-1-any.pkg.tar.zst ea92777801ad325278193a362967540752ae37035016df2f6bcee2d89928a195 mingw-w64-ucrt-x86_64-libdatrie
mingw-w64-ucrt-x86_64-libdeflate-1.26-1-any.pkg.tar.zst 17720c77bd01641a3554801cafd71d96fb7fff7427f4cc20ac9f36efb8cb3da0 mingw-w64-ucrt-x86_64-libdeflate
mingw-w64-ucrt-x86_64-libepoxy-1.5.10-7-any.pkg.tar.zst c6c6994e8ec49071f06cc1fae475406bdf17603d4687ad0bcac2e11078cfd7c8 mingw-w64-ucrt-x86_64-libepoxy
mingw-w64-ucrt-x86_64-libffi-3.8.0-1-any.pkg.tar.zst 99ad12f4ecfa00a889ef9c5c0188592368a5bac109d0c508ce4e04f29ea95a76 mingw-w64-ucrt-x86_64-libffi
mingw-w64-ucrt-x86_64-libgcc-16.2.0-4-any.pkg.tar.zst de65b4adae899d9278427402e29d03860bacba481794460f3a1d078610cbb783 mingw-w64-ucrt-x86_64-libgcc
mingw-w64-ucrt-x86_64-libiconv-1.19-1-any.pkg.tar.zst 9a500f38c2b91808741c62fae746b3e9110b33a1ecf5c30fa0c66dbedddf7e16 mingw-w64-ucrt-x86_64-libiconv
mingw-w64-ucrt-x86_64-libidn2-2.3.8-4-any.pkg.tar.zst d5f4b5e9d99ff7b2a986d1dc0c73da2bcd93ba68462be7b1debbd6ef76371f57 mingw-w64-ucrt-x86_64-libidn2
mingw-w64-ucrt-x86_64-libjpeg-turbo-3.2.0-1-any.pkg.tar.zst 7c001d00df557cfee969ad43d37b9c31ae22869e8aac4091a89dc3ae6d95e11d mingw-w64-ucrt-x86_64-libjpeg-turbo
mingw-w64-ucrt-x86_64-libnice-0.1.24-1-any.pkg.tar.zst 081b7c4efd7b413c458ab9e476eff7dfd10800fbcb70ca04c5b16a0da58c06db mingw-w64-ucrt-x86_64-libnice
mingw-w64-ucrt-x86_64-libogg-1.3.6-1-any.pkg.tar.zst 110a34239e8f122da15e041b2601e2f3c6d4c909d738bdf978700601e0f64449 mingw-w64-ucrt-x86_64-libogg
mingw-w64-ucrt-x86_64-libpng-1.6.59-1-any.pkg.tar.zst 7f8448e06eceba8f8ce130390addea49f767bdf8f6b7e7eede8ca6d595e3d3a8 mingw-w64-ucrt-x86_64-libpng
mingw-w64-ucrt-x86_64-libquadmath-16.2.0-4-any.pkg.tar.zst 75960aa837a7fc6dc8313afb11014bf7f42548ab6067498d0b561cc3c490b5b2 mingw-w64-ucrt-x86_64-libquadmath
mingw-w64-ucrt-x86_64-librsvg-2.63.2-1-any.pkg.tar.zst db49a2db1eca05f078c609c31a008d52264932ef985f2cce8b8921cb708dcbb9 mingw-w64-ucrt-x86_64-librsvg
mingw-w64-ucrt-x86_64-libstdc++-16.2.0-4-any.pkg.tar.zst 2211dbbf1220287e49f5d66bb6cb09ee5a157901a485197553c9a940cc902d5b mingw-w64-ucrt-x86_64-libstdc++
mingw-w64-ucrt-x86_64-libsystre-1.0.2-3-any.pkg.tar.zst 62f564b1395d4862db1599b77f6588c32de5c80936845751cf369b31eee1560b mingw-w64-ucrt-x86_64-libsystre
mingw-w64-ucrt-x86_64-libtasn1-4.21.0-1-any.pkg.tar.zst d098b27834c3b25142b6f5aa9a0ca5731a8e4334c232786406cb149dd8bde2ba mingw-w64-ucrt-x86_64-libtasn1
mingw-w64-ucrt-x86_64-libthai-0.1.30-1-any.pkg.tar.zst c90ebbca3e7b4c34f4b3ffa501ba8d00cdaf6340cff7db3c46d79d5e01ef207c mingw-w64-ucrt-x86_64-libthai
mingw-w64-ucrt-x86_64-libtheora-1.2.0-1-any.pkg.tar.zst 7c5d7caadc7da0b293ccb3eb8ed9d00f335fd62527a16cfd2a4fddca43d8de11 mingw-w64-ucrt-x86_64-libtheora
mingw-w64-ucrt-x86_64-libtiff-4.7.2-1-any.pkg.tar.zst 76904b28133fc3cc0a0e518846c98d3d2166fac70ed9c6184dfe5ef145e5f279 mingw-w64-ucrt-x86_64-libtiff
mingw-w64-ucrt-x86_64-libtre-0.9.0-2-any.pkg.tar.zst d50f22545c50d7c0cd584474bba83f0c7a2cd8aab1aed1ad6c1f9c6452f3c4fc mingw-w64-ucrt-x86_64-libtre
mingw-w64-ucrt-x86_64-libunistring-1.4.2-1-any.pkg.tar.zst e784273da19bbdcc91cbb510b5e27c3ac021b026140734eefcce5ccbd878bd97 mingw-w64-ucrt-x86_64-libunistring
mingw-w64-ucrt-x86_64-libva-2.24.1-1-any.pkg.tar.zst bd3c2aabe37534f17aaa11a5d846034b56b6890767abcbfb2e8c3fd9153a1a6f mingw-w64-ucrt-x86_64-libva
mingw-w64-ucrt-x86_64-libvorbis-1.3.7-3-any.pkg.tar.zst d013d2c7489b175299f9ea8bd9b70cf456337943b0f13e6eb470beb6c3fc251f mingw-w64-ucrt-x86_64-libvorbis
mingw-w64-ucrt-x86_64-libwebp-1.6.0-1-any.pkg.tar.zst 34ff8396c403d484c8777ad49ad0fc06dfb94fadf6f14bcf84d50c45bc6fd17e mingw-w64-ucrt-x86_64-libwebp
mingw-w64-ucrt-x86_64-libwinpthread-14.0.0.r426.g4564ee4b5-1-any.pkg.tar.zst f8de8153bbc0e47ba244a423c12c426fa1d9f56395117ecaa34c6ad6ebed6ca3 mingw-w64-ucrt-x86_64-libwinpthread
mingw-w64-ucrt-x86_64-libxml2-2.15.4-1-any.pkg.tar.zst ea6b8e7ee24d8674e719f1f0a1b3747a72158ab786dfc5392ccb9f8edd09582a mingw-w64-ucrt-x86_64-libxml2
mingw-w64-ucrt-x86_64-lzo2-2.10-3-any.pkg.tar.zst 717c8065996bea51543518a0d3ab46837bf9a990c41886348bd2fa9484ea23f3 mingw-w64-ucrt-x86_64-lzo2
mingw-w64-ucrt-x86_64-mpdecimal-4.0.1-3-any.pkg.tar.zst abf25c3869ba5e5bc3b69fdeb6cd49b060fc1a64d0d2de10918adeae9630a68d mingw-w64-ucrt-x86_64-mpdecimal
mingw-w64-ucrt-x86_64-ncurses-6.6-4-any.pkg.tar.zst 88331fe78470ef2c5e0280652fee5e10b6dcaa35f8037725c359407f2702309c mingw-w64-ucrt-x86_64-ncurses
mingw-w64-ucrt-x86_64-nettle-4.0-1-any.pkg.tar.zst 47b49f1723ef2c75ff3042b6e463910c47cdffa3342e175b6409fb9d630e64ed mingw-w64-ucrt-x86_64-nettle
mingw-w64-ucrt-x86_64-openssl-3.6.5-1-any.pkg.tar.zst 773e021ebad83f14b5c103db467411e8ff064663e1c7e7f730e2be72f4117064 mingw-w64-ucrt-x86_64-openssl
mingw-w64-ucrt-x86_64-opus-1.6.1-1-any.pkg.tar.zst 7b8f176f9cc0431b52006861c0a2e083d73d4b47a73ab749755b5379ff673252 mingw-w64-ucrt-x86_64-opus
mingw-w64-ucrt-x86_64-orc-0.4.44-1-any.pkg.tar.zst f333a8207fbec0178e34d6293e412015c7450e3e73dfa1627279cd922f5d622f mingw-w64-ucrt-x86_64-orc
mingw-w64-ucrt-x86_64-p11-kit-0.26.5-1-any.pkg.tar.zst 6e1645f0afa669f3e3325abb891d79c58dacf0bb5f9bb1ea719d22da1d754e62 mingw-w64-ucrt-x86_64-p11-kit
mingw-w64-ucrt-x86_64-pango-1.58.2-1-any.pkg.tar.zst 8d86e4a018ff139b010bf357fa1c9f9030fa32ee195c54ed7e89d8ea701851c8 mingw-w64-ucrt-x86_64-pango
mingw-w64-ucrt-x86_64-pcre2-10.49-1-any.pkg.tar.zst 63172179db724ac71e2439a7981134c1bcab8049bdddfd349b32b8f76ed52d1e mingw-w64-ucrt-x86_64-pcre2
mingw-w64-ucrt-x86_64-pixman-0.46.4-3-any.pkg.tar.zst 4c01b986563d2b5f7ad6fcec2d0ec9915d2f242ddac5eacddc19971964241cc5 mingw-w64-ucrt-x86_64-pixman
mingw-w64-ucrt-x86_64-python-3.14.8-1-any.pkg.tar.zst d6542336430039a7cb75f107b713332887665a26a0c9c51e82d8d772c7770b5e mingw-w64-ucrt-x86_64-python
mingw-w64-ucrt-x86_64-python-cairo-1.29.2-1-any.pkg.tar.zst 8eac0882871a74912fd4963ce31a8677d49af374a77ea1d39d64609c288eb139 mingw-w64-ucrt-x86_64-python-cairo
mingw-w64-ucrt-x86_64-python-cffi-2.1.1-1-any.pkg.tar.zst 051bd2f9c9eb7e547b5543665f2d133f0b623ac1a77aa1a81840505f8bb26d6a mingw-w64-ucrt-x86_64-python-cffi
mingw-w64-ucrt-x86_64-python-cryptography-50.0.2-1-any.pkg.tar.zst 00d258cf71739232942d0c4751e927c8b9ce84065ffbeca5bdf81bf141a62072 mingw-w64-ucrt-x86_64-python-cryptography
mingw-w64-ucrt-x86_64-python-gobject-3.58.0-2-any.pkg.tar.zst ae4da67ab4eb53fcb9c1d37d61250488d17f9dff8f47d21b617208314f47c592 mingw-w64-ucrt-x86_64-python-gobject
mingw-w64-ucrt-x86_64-python-packaging-26.3-1-any.pkg.tar.zst b90d1451cfbf015a5334409bd9edf9c61bc0f7b78cac19400b0f92c9279fbaa7 mingw-w64-ucrt-x86_64-python-packaging
mingw-w64-ucrt-x86_64-python-psutil-7.2.2-1-any.pkg.tar.zst e3a71e0a732fe8b2d54af0367236f8e49147dd1d1330a7ee2795cb3a72c48870 mingw-w64-ucrt-x86_64-python-psutil
mingw-w64-ucrt-x86_64-python-pycparser-3.0-2-any.pkg.tar.zst 2b98320529ec6ddffaa5da657dfba62d2aa4ef2901cbd67d588fe7d684b0de5c mingw-w64-ucrt-x86_64-python-pycparser
mingw-w64-ucrt-x86_64-shared-mime-info-2.5.1-1-any.pkg.tar.zst 71da1e4032374f89e2c9fcfd8f626b5b64e6d359e53235cd9653465e88d435d6 mingw-w64-ucrt-x86_64-shared-mime-info
mingw-w64-ucrt-x86_64-sqlite3-3.53.4-1-any.pkg.tar.zst a8f904acb136634b4f708e8a0f9f301f76a3c42eea387a51300af961d0066051 mingw-w64-ucrt-x86_64-sqlite3
mingw-w64-ucrt-x86_64-tcl-8.6.18-1-any.pkg.tar.zst 0c3a50ea5be8c5190e58a1fdc46c09f8113ad1b855745875646b7a78a02215df mingw-w64-ucrt-x86_64-tcl
mingw-w64-ucrt-x86_64-tk-8.6.18-1-any.pkg.tar.zst bfa011886032962833ddc93ae9b508798ec56625b9093cc6d0ff5c95507c79c6 mingw-w64-ucrt-x86_64-tk
mingw-w64-ucrt-x86_64-tzdata-2026e-1-any.pkg.tar.zst f1809089f8ed5cec858ae8584289172896eb921be1e78ba583555f74e9015428 mingw-w64-ucrt-x86_64-tzdata
mingw-w64-ucrt-x86_64-vulkan-loader-1~1.4.363.0-1-any.pkg.tar.zst 065076fe13d39ab97eea4740596426d5ae741b5044e48e1c9495d04835c92dbe mingw-w64-ucrt-x86_64-vulkan-loader
mingw-w64-ucrt-x86_64-wineditline-2.208-1-any.pkg.tar.zst b07b34de1669e16cfd6743691914f5a66ad4013500bbf0e4c7a7644046ae7b1c mingw-w64-ucrt-x86_64-wineditline
mingw-w64-ucrt-x86_64-xz-5.8.4-1-any.pkg.tar.zst a9d771f816d8c0c5bde152ffb27a687ede91079b8e77e5b8297efa3b5a835934 mingw-w64-ucrt-x86_64-xz
mingw-w64-ucrt-x86_64-zlib-1.3.2-2-any.pkg.tar.zst 841401182976d2f9e17e5c0ebaac51f2a8014140ea53d67625e91c8fb3c85ea0 mingw-w64-ucrt-x86_64-zlib
mingw-w64-ucrt-x86_64-zstd-1.5.7-2-any.pkg.tar.zst dbdb8427280046a2b41697780aa4c52983b708082b0da4755951dc3bea96ca89 mingw-w64-ucrt-x86_64-zstd
