# Manual: regenerate packaging/windows/msys2.lock from the pinned MSYS2 repository and push it to a branch for review.
# This is the only sanctioned way the lock changes; normal builds refuse to run without it.
name: update-msys2-lock
on:
  workflow_dispatch:
permissions:
  contents: write
jobs:
  lock:
    runs-on: ubuntu-24.04
    timeout-minutes: 15
    steps:
      - uses: actions/checkout@v4
      - run: sudo apt-get update && sudo apt-get install -y zstd python3
      - run: scripts/ci/update-msys2-lock.sh
      - uses: actions/upload-artifact@v4
        with: { name: msys2.lock, path: packaging/windows/msys2.lock, if-no-files-found: error }
      - name: Push the lock to a review branch
        run: |
          git config user.name "github-actions[bot]"
          git config user.email "41898282+github-actions[bot]@users.noreply.github.com"
          git checkout -B chore/update-msys2-lock
          git add packaging/windows/msys2.lock
          git diff --cached --quiet && { echo "lock unchanged"; exit 0; }
          git commit -m "windows: update msys2.lock"
          git push --force origin chore/update-msys2-lock
          echo "Pushed branch chore/update-msys2-lock - review the diff, open a PR and merge it." >> "$GITHUB_STEP_SUMMARY"
